
Microsoft Visual Studio Solution File, Format Version 12.00
# Visual Studio Version 17
VisualStudioVersion = 17.11.35222.181
MinimumVisualStudioVersion = 10.0.40219.1
Project("{9A19103F-16F7-4668-BE54-9A1E7A4F7556}") = "Ottodot.TrialBooking", "src\Ottodot.TrialBooking\Ottodot.TrialBooking.csproj", "{D5308AEA-F448-451C-95C3-C2CCDB48B6F0}"
EndProject
Project("{9A19103F-16F7-4668-BE54-9A1E7A4F7556}") = "Ottodot.TrialBooking.Tests", "src\Ottodot.TrialBooking.Tests\Ottodot.TrialBooking.Tests.csproj", "{9EDB9FC7-0205-40FA-A90D-E25E5135C354}"
EndProject
Global
	GlobalSection(SolutionConfigurationPlatforms) = preSolution
		Debug|Any CPU = Debug|Any CPU
		Release|Any CPU = Release|Any CPU
	EndGlobalSection
	GlobalSection(ProjectConfigurationPlatforms) = postSolution
		{D5308AEA-F448-451C-95C3-C2CCDB48B6F0}.Debug|Any CPU.ActiveCfg = Debug|Any CPU
		{D5308AEA-F448-451C-95C3-C2CCDB48B6F0}.Debug|Any CPU.Build.0 = Debug|Any CPU
		{D5308AEA-F448-451C-95C3-C2CCDB48B6F0}.Release|Any CPU.ActiveCfg = Release|Any CPU
		{D5308AEA-F448-451C-95C3-C2CCDB48B6F0}.Release|Any CPU.Build.0 = Release|Any CPU
		{9EDB9FC7-0205-40FA-A90D-E25E5135C354}.Debug|Any CPU.ActiveCfg = Debug|Any CPU
		{9EDB9FC7-0205-40FA-A90D-E25E5135C354}.Debug|Any CPU.Build.0 = Debug|Any CPU
		{9EDB9FC7-0205-40FA-A90D-E25E5135C354}.Release|Any CPU.ActiveCfg = Release|Any CPU
		{9EDB9FC7-0205-40FA-A90D-E25E5135C354}.Release|Any CPU.Build.0 = Release|Any CPU
	EndGlobalSection
	GlobalSection(SolutionProperties) = preSolution
		HideSolutionNode = FALSE
	EndGlobalSection
	GlobalSection(ExtensibilityGlobals) = postSolution
		SolutionGuid = {64874042-B867-4FE5-A978-B0B276C67D66}
	EndGlobalSection
EndGlobal
